
Microsoft Visual Studio Solution File, Format Version 12.00
# Visual Studio Version 17
VisualStudioVersion = 17.5.002.0
MinimumVisualStudioVersion = 10.0.40219.1
Project("{9A19103F-16F7-4668-BE54-9A1E7A4F7556}") = "Selenium_Test", "Selenium_Test.csproj", "{D6725E03-2042-45AA-AE2D-03EEDE20DB20}"
EndProject
Global
	GlobalSection(SolutionConfigurationPlatforms) = preSolution
		Debug|Any CPU = Debug|Any CPU
		Test|Any CPU = Test|Any CPU
		Release|Any CPU = Release|Any CPU
	EndGlobalSection
	GlobalSection(ProjectConfigurationPlatforms) = postSolution
		{D6725E03-2042-45AA-AE2D-03EEDE20DB20}.Debug|Any CPU.ActiveCfg = Debug|Any CPU
		{D6725E03-2042-45AA-AE2D-03EEDE20DB20}.Debug|Any CPU.Build.0 = Debug|Any CPU
		{D6725E03-2042-45AA-AE2D-03EEDE20DB20}.Test|Any CPU.ActiveCfg = Test|Any CPU
		{D6725E03-2042-45AA-AE2D-03EEDE20DB20}.Test|Any CPU.Build.0 = Test|Any CPU
		{D6725E03-2042-45AA-AE2D-03EEDE20DB20}.Release|Any CPU.ActiveCfg = Release|Any CPU
		{D6725E03-2042-45AA-AE2D-03EEDE20DB20}.Release|Any CPU.Build.0 = Release|Any CPU
	EndGlobalSection
	GlobalSection(SolutionProperties) = preSolution
		HideSolutionNode = FALSE
	EndGlobalSection
	GlobalSection(ExtensibilityGlobals) = postSolution
		SolutionGuid = {396A9434-DEDB-47C2-B0B1-C5BB4AB4B69A}
	EndGlobalSection
EndGlobal
